// !$*UTF8*$!
{
	archiveVersion = 1;
	classes = {
	};
	objectVersion = 50;
	objects = {

/* Begin PBXBuildFile section */
		9A22D31E236F8E2D000C03BB /* AppDelegate.swift in Sources */ = {isa = PBXBuildFile; fileRef = 9A22D31D236F8E2D000C03BB /* AppDelegate.swift */; };
		9A22D320236F8E2D000C03BB /* SceneDelegate.swift in Sources */ = {isa = PBXBuildFile; fileRef = 9A22D31F236F8E2D000C03BB /* SceneDelegate.swift */; };
		9A22D322236F8E2D000C03BB /* ViewController.swift in Sources */ = {isa = PBXBuildFile; fileRef = 9A22D321236F8E2D000C03BB /* ViewController.swift */; };
		9A22D325236F8E2D000C03BB /* Main.storyboard in Resources */ = {isa = PBXBuildFile; fileRef = 9A22D323236F8E2D000C03BB /* Main.storyboard */; };
		9A22D327236F8E2D000C03BB /* Assets.xcassets in Resources */ = {isa = PBXBuildFile; fileRef = 9A22D326236F8E2D000C03BB /* Assets.xcassets */; };
		9A22D32A236F8E2D000C03BB /* LaunchScreen.storyboard in Resources */ = {isa = PBXBuildFile; fileRef = 9A22D328236F8E2D000C03BB /* LaunchScreen.storyboard */; };
		9A22D332236F9139000C03BB /* Sign.swift in Sources */ = {isa = PBXBuildFile; fileRef = 9A22D331236F9139000C03BB /* Sign.swift */; };
		9A22D334236F9504000C03BB /* GameState.swift in Sources */ = {isa = PBXBuildFile; fileRef = 9A22D333236F9504000C03BB /* GameState.swift */; };
		9A8FB2FE237746AE00CF93C8 /* GameStatsViewController.swift in Sources */ = {isa = PBXBuildFile; fileRef = 9A8FB2FD237746AE00CF93C8 /* GameStatsViewController.swift */; };
/* End PBXBuildFile section */

/* Begin PBXFileReference section */
		9A22D31A236F8E2C000C03BB /* RockPaperScissors.app */ = {isa = PBXFileReference; explicitFileType = wrapper.application; includeInIndex = 0; path = RockPaperScissors.app; sourceTree = BUILT_PRODUCTS_DIR; };
		9A22D31D236F8E2D000C03BB /* AppDelegate.swift */ = {isa = PBXFileReference; lastKnownFileType = sourcecode.swift; path = AppDelegate.swift; sourceTree = "<group>"; };
		9A22D31F236F8E2D000C03BB /* SceneDelegate.swift */ = {isa = PBXFileReference; lastKnownFileType = sourcecode.swift; path = SceneDelegate.swift; sourceTree = "<group>"; };
		9A22D321236F8E2D000C03BB /* ViewController.swift */ = {isa = PBXFileReference; lastKnownFileType = sourcecode.swift; path = ViewController.swift; sourceTree = "<group>"; };
		9A22D324236F8E2D000C03BB /* Base */ = {isa = PBXFileReference; lastKnownFileType = file.storyboard; name = Base; path = Base.lproj/Main.storyboard; sourceTree = "<group>"; };
		9A22D326236F8E2D000C03BB /* Assets.xcassets */ = {isa = PBXFileReference; lastKnownFileType = folder.assetcatalog; path = Assets.xcassets; sourceTree = "<group>"; };
		9A22D329236F8E2D000C03BB /* Base */ = {isa = PBXFileReference; lastKnownFileType = file.storyboard; name = Base; path = Base.lproj/LaunchScreen.storyboard; sourceTree = "<group>"; };
		9A22D32B236F8E2D000C03BB /* Info.plist */ = {isa = PBXFileReference; lastKnownFileType = text.plist.xml; path = Info.plist; sourceTree = "<group>"; };
		9A22D331236F9139000C03BB /* Sign.swift */ = {isa = PBXFileReference; lastKnownFileType = sourcecode.swift; path = Sign.swift; sourceTree = "<group>"; };
		9A22D333236F9504000C03BB /* GameState.swift */ = {isa = PBXFileReference; lastKnownFileType = sourcecode.swift; path = GameState.swift; sourceTree = "<group>"; };
		9A8FB2FD237746AE00CF93C8 /* GameStatsViewController.swift */ = {isa = PBXFileReference; lastKnownFileType = sourcecode.swift; path = GameStatsViewController.swift; sourceTree = "<group>"; };
/* End PBXFileReference section */

/* Begin PBXFrameworksBuildPhase section */
		9A22D317236F8E2C000C03BB /* Frameworks */ = {
			isa = PBXFrameworksBuildPhase;
			buildActionMask = 2147483647;
			files = (
			);
			runOnlyForDeploymentPostprocessing = 0;
		};
/* End PBXFrameworksBuildPhase section */

/* Begin PBXGroup section */
		9A22D311236F8E2C000C03BB = {
			isa = PBXGroup;
			children = (
				9A22D31C236F8E2C000C03BB /* RockPaperScissors */,
				9A22D31B236F8E2C000C03BB /* Products */,
			);
			sourceTree = "<group>";
		};
		9A22D31B236F8E2C000C03BB /* Products */ = {
			isa = PBXGroup;
			children = (
				9A22D31A236F8E2C000C03BB /* RockPaperScissors.app */,
			);
			name = Products;
			sourceTree = "<group>";
		};
		9A22D31C236F8E2C000C03BB /* RockPaperScissors */ = {
			isa = PBXGroup;
			children = (
				9A22D31D236F8E2D000C03BB /* AppDelegate.swift */,
				9A22D31F236F8E2D000C03BB /* SceneDelegate.swift */,
				9A22D321236F8E2D000C03BB /* ViewController.swift */,
				9A22D323236F8E2D000C03BB /* Main.storyboard */,
				9A22D326236F8E2D000C03BB /* Assets.xcassets */,
				9A22D328236F8E2D000C03BB /* LaunchScreen.storyboard */,
				9A22D32B236F8E2D000C03BB /* Info.plist */,
				9A22D331236F9139000C03BB /* Sign.swift */,
				9A22D333236F9504000C03BB /* GameState.swift */,
				9A8FB2FD237746AE00CF93C8 /* GameStatsViewController.swift */,
			);
			path = RockPaperScissors;
			sourceTree = "<group>";
		};
/* End PBXGroup section */

/* Begin PBXNativeTarget section */
		9A22D319236F8E2C000C03BB /* RockPaperScissors */ = {
			isa = PBXNativeTarget;
			buildConfigurationList = 9A22D32E236F8E2D000C03BB /* Build configuration list for PBXNativeTarget "RockPaperScissors" */;
			buildPhases = (
				9A22D316236F8E2C000C03BB /* Sources */,
				9A22D317236F8E2C000C03BB /* Frameworks */,
				9A22D318236F8E2C000C03BB /* Resources */,
			);
			buildRules = (
			);
			dependencies = (
			);
			name = RockPaperScissors;
			productName = RockPaperScissors;
			productReference = 9A22D31A236F8E2C000C03BB /* RockPaperScissors.app */;
			productType = "com.apple.product-type.application";
		};
/* End PBXNativeTarget section */

/* Begin PBXProject section */
		9A22D312236F8E2C000C03BB /* Project object */ = {
			isa = PBXProject;
			attributes = {
				LastSwiftUpdateCheck = 1110;
				LastUpgradeCheck = 1110;
				ORGANIZATIONNAME = "Artyom Gurbovich";
				TargetAttributes = {
					9A22D319236F8E2C000C03BB = {
						CreatedOnToolsVersion = 11.1;
					};
				};
			};
			buildConfigurationList = 9A22D315236F8E2C000C03BB /* Build configuration list for PBXProject "RockPaperScissors" */;
			compatibilityVersion = "Xcode 9.3";
			developmentRegion = en;
			hasScannedForEncodings = 0;
			knownRegions = (
				en,
				Base,
			);
			mainGroup = 9A22D311236F8E2C000C03BB;
			productRefGroup = 9A22D31B236F8E2C000C03BB /* Products */;
			projectDirPath = "";
			projectRoot = "";
			targets = (
				9A22D319236F8E2C000C03BB /* RockPaperScissors */,
			);
		};
/* End PBXProject section */

/* Begin PBXResourcesBuildPhase section */
		9A22D318236F8E2C000C03BB /* Resources */ = {
			isa = PBXResourcesBuildPhase;
			buildActionMask = 2147483647;
			files = (
				9A22D32A236F8E2D000C03BB /* LaunchScreen.storyboard in Resources */,
				9A22D327236F8E2D000C03BB /* Assets.xcassets in Resources */,
				9A22D325236F8E2D000C03BB /* Main.storyboard in Resources */,
			);
			runOnlyForDeploymentPostprocessing = 0;
		};
/* End PBXResourcesBuildPhase section */

/* Begin PBXSourcesBuildPhase section */
		9A22D316236F8E2C000C03BB /* Sources */ = {
			isa = PBXSourcesBuildPhase;
			buildActionMask = 2147483647;
			files = (
				9A22D322236F8E2D000C03BB /* ViewController.swift in Sources */,
				9A22D31E236F8E2D000C03BB /* AppDelegate.swift in Sources */,
				9A22D334236F9504000C03BB /* GameState.swift in Sources */,
				9A22D332236F9139000C03BB /* Sign.swift in Sources */,
				9A8FB2FE237746AE00CF93C8 /* GameStatsViewController.swift in Sources */,
				9A22D320236F8E2D000C03BB /* SceneDelegate.swift in Sources */,
			);
			runOnlyForDeploymentPostprocessing = 0;
		};
/* End PBXSourcesBuildPhase section */

/* Begin PBXVariantGroup section */
		9A22D323236F8E2D000C03BB /* Main.storyboard */ = {
			isa = PBXVariantGroup;
			children = (
				9A22D324236F8E2D000C03BB /* Base */,
			);
			name = Main.storyboard;
			sourceTree = "<group>";
		};
		9A22D328236F8E2D000C03BB /* LaunchScreen.storyboard */ = {
			isa = PBXVariantGroup;
			children = (
				9A22D329236F8E2D000C03BB /* Base */,
			);
			name = LaunchScreen.storyboard;
			sourceTree = "<group>";
		};
/* End PBXVariantGroup section */

/* Begin XCBuildConfiguration section */
		9A22D32C236F8E2D000C03BB /* Debug */ = {
			isa = XCBuildConfiguration;
			buildSettings = {
				ALWAYS_SEARCH_USER_PATHS = NO;
				CLANG_ANALYZER_NONNULL = YES;
				CLANG_ANALYZER_NUMBER_OBJECT_CONVERSION = YES_AGGRESSIVE;
				CLANG_CXX_LANGUAGE_STANDARD = "gnu++14";
				CLANG_CXX_LIBRARY = "libc++";
				CLANG_ENABLE_MODULES = YES;
				CLANG_ENABLE_OBJC_ARC = YES;
				CLANG_ENABLE_OBJC_WEAK = YES;
				CLANG_WARN_BLOCK_CAPTURE_AUTORELEASING = YES;
				CLANG_WARN_BOOL_CONVERSION = YES;
				CLANG_WARN_COMMA = YES;
				CLANG_WARN_CONSTANT_CONVERSION = YES;
				CLANG_WARN_DEPRECATED_OBJC_IMPLEMENTATIONS = YES;
				CLANG_WARN_DIRECT_OBJC_ISA_USAGE = YES_ERROR;
				CLANG_WARN_DOCUMENTATION_COMMENTS = YES;
				CLANG_WARN_EMPTY_BODY = YES;
				CLANG_WARN_ENUM_CONVERSION = YES;
				CLANG_WARN_INFINITE_RECURSION = YES;
				CLANG_WARN_INT_CONVERSION = YES;
				CLANG_WARN_NON_LITERAL_NULL_CONVERSION = YES;
				CLANG_WARN_OBJC_IMPLICIT_RETAIN_SELF = YES;
				CLANG_WARN_OBJC_LITERAL_CONVERSION = YES;
				CLANG_WARN_OBJC_ROOT_CLASS = YES_ERROR;
				CLANG_WARN_RANGE_LOOP_ANALYSIS = YES;
				CLANG_WARN_STRICT_PROTOTYPES = YES;
				CLANG_WARN_SUSPICIOUS_MOVE = YES;
				CLANG_WARN_UNGUARDED_AVAILABILITY = YES_AGGRESSIVE;
				CLANG_WARN_UNREACHABLE_CODE = YES;
				CLANG_WARN__DUPLICATE_METHOD_MATCH = YES;
				COPY_PHASE_STRIP = NO;
				DEBUG_INFORMATION_FORMAT = dwarf;
				ENABLE_STRICT_OBJC_MSGSEND = YES;
				ENABLE_TESTABILITY = YES;
				GCC_C_LANGUAGE_STANDARD = gnu11;
				GCC_DYNAMIC_NO_PIC = NO;
				GCC_NO_COMMON_BLOCKS = YES;
				GCC_OPTIMIZATION_LEVEL = 0;
				GCC_PREPROCESSOR_DEFINITIONS = (
					"DEBUG=1",
					"$(inherited)",
				);
				GCC_WARN_64_TO_32_BIT_CONVERSION = YES;
				GCC_WARN_ABOUT_RETURN_TYPE = YES_ERROR;
				GCC_WARN_UNDECLARED_SELECTOR = YES;
				GCC_WARN_UNINITIALIZED_AUTOS = YES_AGGRESSIVE;
				GCC_WARN_UNUSED_FUNCTION = YES;
				GCC_WARN_UNUSED_VARIABLE = YES;
				IPHONEOS_DEPLOYMENT_TARGET = 13.1;
				MTL_ENABLE_DEBUG_INFO = INCLUDE_SOURCE;
				MTL_FAST_MATH = YES;
				ONLY_ACTIVE_ARCH = YES;
				SDKROOT = iphoneos;
				SWIFT_ACTIVE_COMPILATION_CONDITIONS = DEBUG;
				SWIFT_OPTIMIZATION_LEVEL = "-Onone";
			};
			name = Debug;
		};
		9A22D32D236F8E2D000C03BB /* Release */ = {
			isa = XCBuildConfiguration;
			buildSettings = {
				ALWAYS_SEARCH_USER_PATHS = NO;
				CLANG_ANALYZER_NONNULL = YES;
				CLANG_ANALYZER_NUMBER_OBJECT_CONVERSION = YES_AGGRESSIVE;
				CLANG_CXX_LANGUAGE_STANDARD = "gnu++14";
				CLANG_CXX_LIBRARY = "libc++";
				CLANG_ENABLE_MODULES = YES;
				CLANG_ENABLE_OBJC_ARC = YES;
				CLANG_ENABLE_OBJC_WEAK = YES;
				CLANG_WARN_BLOCK_CAPTURE_AUTORELEASING = YES;
				CLANG_WARN_BOOL_CONVERSION = YES;
				CLANG_WARN_COMMA = YES;
				CLANG_WARN_CONSTANT_CONVERSION = YES;
				CLANG_WARN_DEPRECATED_OBJC_IMPLEMENTATIONS = YES;
				CLANG_WARN_DIRECT_OBJC_ISA_USAGE = YES_ERROR;
				CLANG_WARN_DOCUMENTATION_COMMENTS = YES;
				CLANG_WARN_EMPTY_BODY = YES;
				CLANG_WARN_ENUM_CONVERSION = YES;
				CLANG_WARN_INFINITE_RECURSION = YES;
				CLANG_WARN_INT_CONVERSION = YES;
				CLANG_WARN_NON_LITERAL_NULL_CONVERSION = YES;
				CLANG_WARN_OBJC_IMPLICIT_RETAIN_SELF = YES;
				CLANG_WARN_OBJC_LITERAL_CONVERSION = YES;
				CLANG_WARN_OBJC_ROOT_CLASS = YES_ERROR;
				CLANG_WARN_RANGE_LOOP_ANALYSIS = YES;
				CLANG_WARN_STRICT_PROTOTYPES = YES;
				CLANG_WARN_SUSPICIOUS_MOVE = YES;
				CLANG_WARN_UNGUARDED_AVAILABILITY = YES_AGGRESSIVE;
				CLANG_WARN_UNREACHABLE_CODE = YES;
				CLANG_WARN__DUPLICATE_METHOD_MATCH = YES;
				COPY_PHASE_STRIP = NO;
				DEBUG_INFORMATION_FORMAT = "dwarf-with-dsym";
				ENABLE_NS_ASSERTIONS = NO;
				ENABLE_STRICT_OBJC_MSGSEND = YES;
				GCC_C_LANGUAGE_STANDARD = gnu11;
				GCC_NO_COMMON_BLOCKS = YES;
				GCC_WARN_64_TO_32_BIT_CONVERSION = YES;
				GCC_WARN_ABOUT_RETURN_TYPE = YES_ERROR;
				GCC_WARN_UNDECLARED_SELECTOR = YES;
				GCC_WARN_UNINITIALIZED_AUTOS = YES_AGGRESSIVE;
				GCC_WARN_UNUSED_FUNCTION = YES;
				GCC_WARN_UNUSED_VARIABLE = YES;
				IPHONEOS_DEPLOYMENT_TARGET = 13.1;
				MTL_ENABLE_DEBUG_INFO = NO;
				MTL_FAST_MATH = YES;
				SDKROOT = iphoneos;
				SWIFT_COMPILATION_MODE = wholemodule;
				SWIFT_OPTIMIZATION_LEVEL = "-O";
				VALIDATE_PRODUCT = YES;
			};
			name = Release;
		};
		9A22D32F236F8E2D000C03BB /* Debug */ = {
			isa = XCBuildConfiguration;
			buildSettings = {
				ASSETCATALOG_COMPILER_APPICON_NAME = AppIcon;
				CODE_SIGN_STYLE = Automatic;
				INFOPLIST_FILE = RockPaperScissors/Info.plist;
				LD_RUNPATH_SEARCH_PATHS = (
					"$(inherited)",
					"@executable_path/Frameworks",
				);
				PRODUCT_BUNDLE_IDENTIFIER = "Artyom-Gurbovich.RockPaperScissors";
				PRODUCT_NAME = RockPaperScissors;
				SWIFT_VERSION = 5.0;
				TARGETED_DEVICE_FAMILY = "1,2";
			};
			name = Debug;
		};
		9A22D330236F8E2D000C03BB /* Release */ = {
			isa = XCBuildConfiguration;
			buildSettings = {
				ASSETCATALOG_COMPILER_APPICON_NAME = AppIcon;
				CODE_SIGN_STYLE = Automatic;
				INFOPLIST_FILE = RockPaperScissors/Info.plist;
				LD_RUNPATH_SEARCH_PATHS = (
					"$(inherited)",
					"@executable_path/Frameworks",
				);
				PRODUCT_BUNDLE_IDENTIFIER = "Artyom-Gurbovich.RockPaperScissors";
				PRODUCT_NAME = RockPaperScissors;
				SWIFT_VERSION = 5.0;
				TARGETED_DEVICE_FAMILY = "1,2";
			};
			name = Release;
		};
/* End XCBuildConfiguration section */

/* Begin XCConfigurationList section */
		9A22D315236F8E2C000C03BB /* Build configuration list for PBXProject "RockPaperScissors" */ = {
			isa = XCConfigurationList;
			buildConfigurations = (
				9A22D32C236F8E2D000C03BB /* Debug */,
				9A22D32D236F8E2D000C03BB /* Release */,
			);
			defaultConfigurationIsVisible = 0;
			defaultConfigurationName = Release;
		};
		9A22D32E236F8E2D000C03BB /* Build configuration list for PBXNativeTarget "RockPaperScissors" */ = {
			isa = XCConfigurationList;
			buildConfigurations = (
				9A22D32F236F8E2D000C03BB /* Debug */,
				9A22D330236F8E2D000C03BB /* Release */,
			);
			defaultConfigurationIsVisible = 0;
			defaultConfigurationName = Release;
		};
/* End XCConfigurationList section */
	};
	rootObject = 9A22D312236F8E2C000C03BB /* Project object */;
}
